
Microsoft Visual Studio Solution File, Format Version 11.00
# Visual Studio 2010
Project("{FAE04EC0-301F-11D3-BF4B-00C04F79EFBC}") = "DXWindowsApplication2", "DXWindowsApplication2\DXWindowsApplication2.csproj", "{A083024F-6972-44BA-A03A-FC96D25EC77D}"
EndProject
Project("{2150E333-8FDC-42A3-9474-1A3956D46DE8}") = "Solution Items", "Solution Items", "{B631F01E-6DDB-4D76-BB16-721959B7A3E4}"
	ProjectSection(SolutionItems) = preProject
		DXWindowsApplication2.vsmdi = DXWindowsApplication2.vsmdi
		Local.testsettings = Local.testsettings
		TraceAndTestImpact.testsettings = TraceAndTestImpact.testsettings
	EndProjectSection
EndProject
Project("{FAE04EC0-301F-11D3-BF4B-00C04F79EFBC}") = "TestProject", "ClassLibrary1\TestProject.csproj", "{3DE337A0-6EAA-4702-A147-D682BA4BE4F7}"
	ProjectSection(ProjectDependencies) = postProject
		{A083024F-6972-44BA-A03A-FC96D25EC77D} = {A083024F-6972-44BA-A03A-FC96D25EC77D}
	EndProjectSection
EndProject
Global
	GlobalSection(TestCaseManagementSettings) = postSolution
		CategoryFile = DXWindowsApplication2.vsmdi
	EndGlobalSection
	GlobalSection(SolutionConfigurationPlatforms) = preSolution
		Debug|Any CPU = Debug|Any CPU
		Release|Any CPU = Release|Any CPU
	EndGlobalSection
	GlobalSection(ProjectConfigurationPlatforms) = postSolution
		{A083024F-6972-44BA-A03A-FC96D25EC77D}.Debug|Any CPU.ActiveCfg = Debug|Any CPU
		{A083024F-6972-44BA-A03A-FC96D25EC77D}.Debug|Any CPU.Build.0 = Debug|Any CPU
		{A083024F-6972-44BA-A03A-FC96D25EC77D}.Release|Any CPU.ActiveCfg = Release|Any CPU
		{A083024F-6972-44BA-A03A-FC96D25EC77D}.Release|Any CPU.Build.0 = Release|Any CPU
		{3DE337A0-6EAA-4702-A147-D682BA4BE4F7}.Debug|Any CPU.ActiveCfg = Debug|Any CPU
		{3DE337A0-6EAA-4702-A147-D682BA4BE4F7}.Debug|Any CPU.Build.0 = Debug|Any CPU
		{3DE337A0-6EAA-4702-A147-D682BA4BE4F7}.Release|Any CPU.ActiveCfg = Release|Any CPU
		{3DE337A0-6EAA-4702-A147-D682BA4BE4F7}.Release|Any CPU.Build.0 = Release|Any CPU
	EndGlobalSection
	GlobalSection(SolutionProperties) = preSolution
		HideSolutionNode = FALSE
	EndGlobalSection
EndGlobal
